
Microsoft Visual Studio Solution File, Format Version 12.00
# Visual Studio Version 16
VisualStudioVersion = 16.0.29418.71
MinimumVisualStudioVersion = 10.0.40219.1
Project("{FAE04EC0-301F-11D3-BF4B-00C04F79EFBC}") = "MsSqlData", "MsSqlData\MsSqlData.csproj", "{EB3EFBF5-6FF0-4D7A-811D-60A34D4755C5}"
EndProject
Project("{9A19103F-16F7-4668-BE54-9A1E7A4F7556}") = "SpaceConnect", "SpaceConnect\SpaceConnect.csproj", "{0D92F2FC-A1F6-40E6-BE10-5E50E6404577}"
EndProject
Global
	GlobalSection(SolutionConfigurationPlatforms) = preSolution
		Debug|Any CPU = Debug|Any CPU
		Release|Any CPU = Release|Any CPU
	EndGlobalSection
	GlobalSection(ProjectConfigurationPlatforms) = postSolution
		{EB3EFBF5-6FF0-4D7A-811D-60A34D4755C5}.Debug|Any CPU.ActiveCfg = Debug|Any CPU
		{EB3EFBF5-6FF0-4D7A-811D-60A34D4755C5}.Debug|Any CPU.Build.0 = Debug|Any CPU
		{EB3EFBF5-6FF0-4D7A-811D-60A34D4755C5}.Release|Any CPU.ActiveCfg = Release|Any CPU
		{EB3EFBF5-6FF0-4D7A-811D-60A34D4755C5}.Release|Any CPU.Build.0 = Release|Any CPU
		{0D92F2FC-A1F6-40E6-BE10-5E50E6404577}.Debug|Any CPU.ActiveCfg = Debug|Any CPU
		{0D92F2FC-A1F6-40E6-BE10-5E50E6404577}.Debug|Any CPU.Build.0 = Debug|Any CPU
		{0D92F2FC-A1F6-40E6-BE10-5E50E6404577}.Release|Any CPU.ActiveCfg = Release|Any CPU
		{0D92F2FC-A1F6-40E6-BE10-5E50E6404577}.Release|Any CPU.Build.0 = Release|Any CPU
	EndGlobalSection
	GlobalSection(SolutionProperties) = preSolution
		HideSolutionNode = FALSE
	EndGlobalSection
	GlobalSection(ExtensibilityGlobals) = postSolution
		SolutionGuid = {AD13F3BA-BC9B-4B4E-995C-0A6A3B98F989}
	EndGlobalSection
EndGlobal
